
Microsoft Visual Studio Solution File, Format Version 12.00
# Visual Studio Version 17
VisualStudioVersion = 17.9.34607.119
MinimumVisualStudioVersion = 10.0.40219.1
Project("{FAE04EC0-301F-11D3-BF4B-00C04F79EFBC}") = "RecipeRecommender.Api", "RecipeRecommender.Api.csproj", "{EA40DF54-8FAA-466B-82B0-F5AEE46D8E8E}"
EndProject
Global
	GlobalSection(SolutionConfigurationPlatforms) = preSolution
		Debug|Any CPU = Debug|Any CPU
		Release|Any CPU = Release|Any CPU
	EndGlobalSection
	GlobalSection(ProjectConfigurationPlatforms) = postSolution
		{EA40DF54-8FAA-466B-82B0-F5AEE46D8E8E}.Debug|Any CPU.ActiveCfg = Debug|Any CPU
		{EA40DF54-8FAA-466B-82B0-F5AEE46D8E8E}.Debug|Any CPU.Build.0 = Debug|Any CPU
		{EA40DF54-8FAA-466B-82B0-F5AEE46D8E8E}.Release|Any CPU.ActiveCfg = Release|Any CPU
		{EA40DF54-8FAA-466B-82B0-F5AEE46D8E8E}.Release|Any CPU.Build.0 = Release|Any CPU
	EndGlobalSection
	GlobalSection(SolutionProperties) = preSolution
		HideSolutionNode = FALSE
	EndGlobalSection
	GlobalSection(ExtensibilityGlobals) = postSolution
		SolutionGuid = {F02D9489-D61E-4B04-B465-50626F5C6F7D}
	EndGlobalSection
EndGlobal
